
Microsoft Visual Studio Solution File, Format Version 12.00
# Visual Studio Version 17
VisualStudioVersion = 17.7.34221.43
MinimumVisualStudioVersion = 10.0.40219.1
Project("{FAE04EC0-301F-11D3-BF4B-00C04F79EFBC}") = "Biblioteca", "Biblioteca\Biblioteca.csproj", "{F2B8C4B8-A7F6-4E41-8DC6-FD85E92F0F9F}"
EndProject
Global
	GlobalSection(SolutionConfigurationPlatforms) = preSolution
		Debug|Any CPU = Debug|Any CPU
		Release|Any CPU = Release|Any CPU
	EndGlobalSection
	GlobalSection(ProjectConfigurationPlatforms) = postSolution
		{F2B8C4B8-A7F6-4E41-8DC6-FD85E92F0F9F}.Debug|Any CPU.ActiveCfg = Debug|Any CPU
		{F2B8C4B8-A7F6-4E41-8DC6-FD85E92F0F9F}.Debug|Any CPU.Build.0 = Debug|Any CPU
		{F2B8C4B8-A7F6-4E41-8DC6-FD85E92F0F9F}.Release|Any CPU.ActiveCfg = Release|Any CPU
		{F2B8C4B8-A7F6-4E41-8DC6-FD85E92F0F9F}.Release|Any CPU.Build.0 = Release|Any CPU
	EndGlobalSection
	GlobalSection(SolutionProperties) = preSolution
		HideSolutionNode = FALSE
	EndGlobalSection
	GlobalSection(ExtensibilityGlobals) = postSolution
		SolutionGuid = {23CFA6E5-755E-4E06-AE99-E634DF5280D0}
	EndGlobalSection
EndGlobal
